
Microsoft Visual Studio Solution File, Format Version 12.00
# Visual Studio 2012
Project("{FAE04EC0-301F-11D3-BF4B-00C04F79EFBC}") = "Week1_prg", "PRG_322_351\Week1_prg.csproj", "{7C4315CE-0550-4424-97F3-D52B66668748}"
EndProject
Global
	GlobalSection(SolutionConfigurationPlatforms) = preSolution
		Debug|Any CPU = Debug|Any CPU
		Release|Any CPU = Release|Any CPU
	EndGlobalSection
	GlobalSection(ProjectConfigurationPlatforms) = postSolution
		{7C4315CE-0550-4424-97F3-D52B66668748}.Debug|Any CPU.ActiveCfg = Debug|Any CPU
		{7C4315CE-0550-4424-97F3-D52B66668748}.Debug|Any CPU.Build.0 = Debug|Any CPU
		{7C4315CE-0550-4424-97F3-D52B66668748}.Release|Any CPU.ActiveCfg = Release|Any CPU
		{7C4315CE-0550-4424-97F3-D52B66668748}.Release|Any CPU.Build.0 = Release|Any CPU
	EndGlobalSection
	GlobalSection(SolutionProperties) = preSolution
		HideSolutionNode = FALSE
	EndGlobalSection
EndGlobal
